
Microsoft Visual Studio Solution File, Format Version 12.00
# Visual Studio Version 17
VisualStudioVersion = 17.0.31903.59
MinimumVisualStudioVersion = 10.0.40219.1
Project("{2150E333-8FDC-42A3-9474-1A3956D46DE8}") = "src", "src", "{827E0CD3-B72D-47B6-A68D-7590B98EB39B}"
EndProject
Project("{FAE04EC0-301F-11D3-BF4B-00C04F79EFBC}") = "IamPlatform.Domain", "src\IamPlatform.Domain\IamPlatform.Domain.csproj", "{6BCC3EE3-30DE-48CC-B527-87A2C821EAE4}"
EndProject
Project("{FAE04EC0-301F-11D3-BF4B-00C04F79EFBC}") = "IamPlatform.Application", "src\IamPlatform.Application\IamPlatform.Application.csproj", "{6F47EC30-A046-4DB5-A7E3-C8740FB1AA18}"
EndProject
Project("{FAE04EC0-301F-11D3-BF4B-00C04F79EFBC}") = "IamPlatform.Infrastructure", "src\IamPlatform.Infrastructure\IamPlatform.Infrastructure.csproj", "{12DE72C0-7922-48A8-922F-BD3352987A1D}"
EndProject
Project("{FAE04EC0-301F-11D3-BF4B-00C04F79EFBC}") = "IamPlatform.Api", "src\IamPlatform.Api\IamPlatform.Api.csproj", "{C1E202A2-3325-4679-BBFD-0E1DF4D0553B}"
EndProject
Project("{2150E333-8FDC-42A3-9474-1A3956D46DE8}") = "tests", "tests", "{0AB3BF05-4346-4AA6-1389-037BE0695223}"
EndProject
Project("{FAE04EC0-301F-11D3-BF4B-00C04F79EFBC}") = "IamPlatform.UnitTests", "tests\IamPlatform.UnitTests\IamPlatform.UnitTests.csproj", "{278E28F9-49EF-495C-A39A-82C7735D9D5C}"
EndProject
Project("{FAE04EC0-301F-11D3-BF4B-00C04F79EFBC}") = "IamPlatform.IntegrationTests", "tests\IamPlatform.IntegrationTests\IamPlatform.IntegrationTests.csproj", "{6B344DAE-698E-498C-8E1D-D15427AE17B7}"
EndProject
Global
	GlobalSection(SolutionConfigurationPlatforms) = preSolution
		Debug|Any CPU = Debug|Any CPU
		Debug|x64 = Debug|x64
		Debug|x86 = Debug|x86
		Release|Any CPU = Release|Any CPU
		Release|x64 = Release|x64
		Release|x86 = Release|x86
	EndGlobalSection
	GlobalSection(ProjectConfigurationPlatforms) = postSolution
		{6BCC3EE3-30DE-48CC-B527-87A2C821EAE4}.Debug|Any CPU.ActiveCfg = Debug|Any CPU
		{6BCC3EE3-30DE-48CC-B527-87A2C821EAE4}.Debug|Any CPU.Build.0 = Debug|Any CPU
		{6BCC3EE3-30DE-48CC-B527-87A2C821EAE4}.Debug|x64.ActiveCfg = Debug|Any CPU
		{6BCC3EE3-30DE-48CC-B527-87A2C821EAE4}.Debug|x64.Build.0 = Debug|Any CPU
		{6BCC3EE3-30DE-48CC-B527-87A2C821EAE4}.Debug|x86.ActiveCfg = Debug|Any CPU
		{6BCC3EE3-30DE-48CC-B527-87A2C821EAE4}.Debug|x86.Build.0 = Debug|Any CPU
		{6BCC3EE3-30DE-48CC-B527-87A2C821EAE4}.Release|Any CPU.ActiveCfg = Release|Any CPU
		{6BCC3EE3-30DE-48CC-B527-87A2C821EAE4}.Release|Any CPU.Build.0 = Release|Any CPU
		{6BCC3EE3-30DE-48CC-B527-87A2C821EAE4}.Release|x64.ActiveCfg = Release|Any CPU
		{6BCC3EE3-30DE-48CC-B527-87A2C821EAE4}.Release|x64.Build.0 = Release|Any CPU
		{6BCC3EE3-30DE-48CC-B527-87A2C821EAE4}.Release|x86.ActiveCfg = Release|Any CPU
		{6BCC3EE3-30DE-48CC-B527-87A2C821EAE4}.Release|x86.Build.0 = Release|Any CPU
		{6F47EC30-A046-4DB5-A7E3-C8740FB1AA18}.Debug|Any CPU.ActiveCfg = Debug|Any CPU
		{6F47EC30-A046-4DB5-A7E3-C8740FB1AA18}.Debug|Any CPU.Build.0 = Debug|Any CPU
		{6F47EC30-A046-4DB5-A7E3-C8740FB1AA18}.Debug|x64.ActiveCfg = Debug|Any CPU
		{6F47EC30-A046-4DB5-A7E3-C8740FB1AA18}.Debug|x64.Build.0 = Debug|Any CPU
		{6F47EC30-A046-4DB5-A7E3-C8740FB1AA18}.Debug|x86.ActiveCfg = Debug|Any CPU
		{6F47EC30-A046-4DB5-A7E3-C8740FB1AA18}.Debug|x86.Build.0 = Debug|Any CPU
		{6F47EC30-A046-4DB5-A7E3-C8740FB1AA18}.Release|Any CPU.ActiveCfg = Release|Any CPU
		{6F47EC30-A046-4DB5-A7E3-C8740FB1AA18}.Release|Any CPU.Build.0 = Release|Any CPU
		{6F47EC30-A046-4DB5-A7E3-C8740FB1AA18}.Release|x64.ActiveCfg = Release|Any CPU
		{6F47EC30-A046-4DB5-A7E3-C8740FB1AA18}.Release|x64.Build.0 = Release|Any CPU
		{6F47EC30-A046-4DB5-A7E3-C8740FB1AA18}.Release|x86.ActiveCfg = Release|Any CPU
		{6F47EC30-A046-4DB5-A7E3-C8740FB1AA18}.Release|x86.Build.0 = Release|Any CPU
		{12DE72C0-7922-48A8-922F-BD3352987A1D}.Debug|Any CPU.ActiveCfg = Debug|Any CPU
		{12DE72C0-7922-48A8-922F-BD3352987A1D}.Debug|Any CPU.Build.0 = Debug|Any CPU
		{12DE72C0-7922-48A8-922F-BD3352987A1D}.Debug|x64.ActiveCfg = Debug|Any CPU
		{12DE72C0-7922-48A8-922F-BD3352987A1D}.Debug|x64.Build.0 = Debug|Any CPU
		{12DE72C0-7922-48A8-922F-BD3352987A1D}.Debug|x86.ActiveCfg = Debug|Any CPU
		{12DE72C0-7922-48A8-922F-BD3352987A1D}.Debug|x86.Build.0 = Debug|Any CPU
		{12DE72C0-7922-48A8-922F-BD3352987A1D}.Release|Any CPU.ActiveCfg = Release|Any CPU
		{12DE72C0-7922-48A8-922F-BD3352987A1D}.Release|Any CPU.Build.0 = Release|Any CPU
		{12DE72C0-7922-48A8-922F-BD3352987A1D}.Release|x64.ActiveCfg = Release|Any CPU
		{12DE72C0-7922-48A8-922F-BD3352987A1D}.Release|x64.Build.0 = Release|Any CPU
		{12DE72C0-7922-48A8-922F-BD3352987A1D}.Release|x86.ActiveCfg = Release|Any CPU
		{12DE72C0-7922-48A8-922F-BD3352987A1D}.Release|x86.Build.0 = Release|Any CPU
		{C1E202A2-3325-4679-BBFD-0E1DF4D0553B}.Debug|Any CPU.ActiveCfg = Debug|Any CPU
		{C1E202A2-3325-4679-BBFD-0E1DF4D0553B}.Debug|Any CPU.Build.0 = Debug|Any CPU
		{C1E202A2-3325-4679-BBFD-0E1DF4D0553B}.Debug|x64.ActiveCfg = Debug|Any CPU
		{C1E202A2-3325-4679-BBFD-0E1DF4D0553B}.Debug|x64.Build.0 = Debug|Any CPU
		{C1E202A2-3325-4679-BBFD-0E1DF4D0553B}.Debug|x86.ActiveCfg = Debug|Any CPU
		{C1E202A2-3325-4679-BBFD-0E1DF4D0553B}.Debug|x86.Build.0 = Debug|Any CPU
		{C1E202A2-3325-4679-BBFD-0E1DF4D0553B}.Release|Any CPU.ActiveCfg = Release|Any CPU
		{C1E202A2-3325-4679-BBFD-0E1DF4D0553B}.Release|Any CPU.Build.0 = Release|Any CPU
		{C1E202A2-3325-4679-BBFD-0E1DF4D0553B}.Release|x64.ActiveCfg = Release|Any CPU
		{C1E202A2-3325-4679-BBFD-0E1DF4D0553B}.Release|x64.Build.0 = Release|Any CPU
		{C1E202A2-3325-4679-BBFD-0E1DF4D0553B}.Release|x86.ActiveCfg = Release|Any CPU
		{C1E202A2-3325-4679-BBFD-0E1DF4D0553B}.Release|x86.Build.0 = Release|Any CPU
		{278E28F9-49EF-495C-A39A-82C7735D9D5C}.Debug|Any CPU.ActiveCfg = Debug|Any CPU
		{278E28F9-49EF-495C-A39A-82C7735D9D5C}.Debug|Any CPU.Build.0 = Debug|Any CPU
		{278E28F9-49EF-495C-A39A-82C7735D9D5C}.Debug|x64.ActiveCfg = Debug|Any CPU
		{278E28F9-49EF-495C-A39A-82C7735D9D5C}.Debug|x64.Build.0 = Debug|Any CPU
		{278E28F9-49EF-495C-A39A-82C7735D9D5C}.Debug|x86.ActiveCfg = Debug|Any CPU
		{278E28F9-49EF-495C-A39A-82C7735D9D5C}.Debug|x86.Build.0 = Debug|Any CPU
		{278E28F9-49EF-495C-A39A-82C7735D9D5C}.Release|Any CPU.ActiveCfg = Release|Any CPU
		{278E28F9-49EF-495C-A39A-82C7735D9D5C}.Release|Any CPU.Build.0 = Release|Any CPU
		{278E28F9-49EF-495C-A39A-82C7735D9D5C}.Release|x64.ActiveCfg = Release|Any CPU
		{278E28F9-49EF-495C-A39A-82C7735D9D5C}.Release|x64.Build.0 = Release|Any CPU
		{278E28F9-49EF-495C-A39A-82C7735D9D5C}.Release|x86.ActiveCfg = Release|Any CPU
		{278E28F9-49EF-495C-A39A-82C7735D9D5C}.Release|x86.Build.0 = Release|Any CPU
		{6B344DAE-698E-498C-8E1D-D15427AE17B7}.Debug|Any CPU.ActiveCfg = Debug|Any CPU
		{6B344DAE-698E-498C-8E1D-D15427AE17B7}.Debug|Any CPU.Build.0 = Debug|Any CPU
		{6B344DAE-698E-498C-8E1D-D15427AE17B7}.Debug|x64.ActiveCfg = Debug|Any CPU
		{6B344DAE-698E-498C-8E1D-D15427AE17B7}.Debug|x64.Build.0 = Debug|Any CPU
		{6B344DAE-698E-498C-8E1D-D15427AE17B7}.Debug|x86.ActiveCfg = Debug|Any CPU
		{6B344DAE-698E-498C-8E1D-D15427AE17B7}.Debug|x86.Build.0 = Debug|Any CPU
		{6B344DAE-698E-498C-8E1D-D15427AE17B7}.Release|Any CPU.ActiveCfg = Release|Any CPU
		{6B344DAE-698E-498C-8E1D-D15427AE17B7}.Release|Any CPU.Build.0 = Release|Any CPU
		{6B344DAE-698E-498C-8E1D-D15427AE17B7}.Release|x64.ActiveCfg = Release|Any CPU
		{6B344DAE-698E-498C-8E1D-D15427AE17B7}.Release|x64.Build.0 = Release|Any CPU
		{6B344DAE-698E-498C-8E1D-D15427AE17B7}.Release|x86.ActiveCfg = Release|Any CPU
		{6B344DAE-698E-498C-8E1D-D15427AE17B7}.Release|x86.Build.0 = Release|Any CPU
	EndGlobalSection
	GlobalSection(SolutionProperties) = preSolution
		HideSolutionNode = FALSE
	EndGlobalSection
	GlobalSection(NestedProjects) = preSolution
		{6BCC3EE3-30DE-48CC-B527-87A2C821EAE4} = {827E0CD3-B72D-47B6-A68D-7590B98EB39B}
		{6F47EC30-A046-4DB5-A7E3-C8740FB1AA18} = {827E0CD3-B72D-47B6-A68D-7590B98EB39B}
		{12DE72C0-7922-48A8-922F-BD3352987A1D} = {827E0CD3-B72D-47B6-A68D-7590B98EB39B}
		{C1E202A2-3325-4679-BBFD-0E1DF4D0553B} = {827E0CD3-B72D-47B6-A68D-7590B98EB39B}
		{278E28F9-49EF-495C-A39A-82C7735D9D5C} = {0AB3BF05-4346-4AA6-1389-037BE0695223}
		{6B344DAE-698E-498C-8E1D-D15427AE17B7} = {0AB3BF05-4346-4AA6-1389-037BE0695223}
	EndGlobalSection
EndGlobal
